
Microsoft Visual Studio Solution File, Format Version 12.00
# Visual Studio Version 17
VisualStudioVersion = 17.5.33627.172
MinimumVisualStudioVersion = 10.0.40219.1
Project("{2150E333-8FDC-42A3-9474-1A3956D46DE8}") = "Solution Items", "Solution Items", "{6AAEE89C-3E91-474F-B312-BB41350ED412}"
	ProjectSection(SolutionItems) = preProject
		global.json = global.json
		LICENSE.md = LICENSE.md
		QSharpReference.qs = QSharpReference.qs
		README.md = README.md
	EndProjectSection
EndProject
Project("{9A19103F-16F7-4668-BE54-9A1E7A4F7556}") = "L03", "L03\L03.csproj", "{CC70A97F-AA54-4467-AA15-BE0E68C5C499}"
EndProject
Project("{9A19103F-16F7-4668-BE54-9A1E7A4F7556}") = "L04", "L04\L04.csproj", "{14C0559B-493B-45D2-A734-AB73EC647326}"
EndProject
Project("{9A19103F-16F7-4668-BE54-9A1E7A4F7556}") = "L05", "L05\L05.csproj", "{C4E5D25D-57CE-4B73-A455-BFD9688F0CE3}"
EndProject
Project("{9A19103F-16F7-4668-BE54-9A1E7A4F7556}") = "L06", "L06\L06.csproj", "{F0D41EA8-EF1F-4DF2-B132-1D5A1767E580}"
EndProject
Project("{9A19103F-16F7-4668-BE54-9A1E7A4F7556}") = "L07", "L07\L07.csproj", "{88FF1749-058A-4F53-9DD4-3E2B61DE9065}"
EndProject
Project("{9A19103F-16F7-4668-BE54-9A1E7A4F7556}") = "L08", "L08\L08.csproj", "{ACBFC1CD-8F9E-4DD9-918B-44F829134349}"
EndProject
Project("{9A19103F-16F7-4668-BE54-9A1E7A4F7556}") = "L09", "L09\L09.csproj", "{B4576F4A-2BD2-46BB-B118-DC7C27A37C2F}"
EndProject
Project("{9A19103F-16F7-4668-BE54-9A1E7A4F7556}") = "L01", "L01\L01.csproj", "{CBE21D71-A1DB-4505-8853-BFC355739C8F}"
EndProject
Project("{9A19103F-16F7-4668-BE54-9A1E7A4F7556}") = "L02", "L02\L02.csproj", "{9B39A846-D577-423C-9189-1027DB43DED9}"
EndProject
Project("{9A19103F-16F7-4668-BE54-9A1E7A4F7556}") = "L10", "L10\L10.csproj", "{7B8572AF-740E-414B-AFEB-DD7AABC8D4C1}"
EndProject
Project("{FAE04EC0-301F-11D3-BF4B-00C04F79EFBC}") = "L11", "L11\L11.csproj", "{F1AEB3D3-0A7A-4E9D-A3E8-0FADE9632B97}"
EndProject
Project("{FAE04EC0-301F-11D3-BF4B-00C04F79EFBC}") = "L12", "L12\L12.csproj", "{9DD7626F-B68F-4739-9F0E-3EBF309E7AB1}"
EndProject
Global
	GlobalSection(SolutionConfigurationPlatforms) = preSolution
		Debug|Any CPU = Debug|Any CPU
		Release|Any CPU = Release|Any CPU
	EndGlobalSection
	GlobalSection(ProjectConfigurationPlatforms) = postSolution
		{CC70A97F-AA54-4467-AA15-BE0E68C5C499}.Debug|Any CPU.ActiveCfg = Debug|Any CPU
		{CC70A97F-AA54-4467-AA15-BE0E68C5C499}.Debug|Any CPU.Build.0 = Debug|Any CPU
		{CC70A97F-AA54-4467-AA15-BE0E68C5C499}.Release|Any CPU.ActiveCfg = Release|Any CPU
		{CC70A97F-AA54-4467-AA15-BE0E68C5C499}.Release|Any CPU.Build.0 = Release|Any CPU
		{14C0559B-493B-45D2-A734-AB73EC647326}.Debug|Any CPU.ActiveCfg = Debug|Any CPU
		{14C0559B-493B-45D2-A734-AB73EC647326}.Debug|Any CPU.Build.0 = Debug|Any CPU
		{14C0559B-493B-45D2-A734-AB73EC647326}.Release|Any CPU.ActiveCfg = Release|Any CPU
		{14C0559B-493B-45D2-A734-AB73EC647326}.Release|Any CPU.Build.0 = Release|Any CPU
		{C4E5D25D-57CE-4B73-A455-BFD9688F0CE3}.Debug|Any CPU.ActiveCfg = Debug|Any CPU
		{C4E5D25D-57CE-4B73-A455-BFD9688F0CE3}.Debug|Any CPU.Build.0 = Debug|Any CPU
		{C4E5D25D-57CE-4B73-A455-BFD9688F0CE3}.Release|Any CPU.ActiveCfg = Release|Any CPU
		{C4E5D25D-57CE-4B73-A455-BFD9688F0CE3}.Release|Any CPU.Build.0 = Release|Any CPU
		{F0D41EA8-EF1F-4DF2-B132-1D5A1767E580}.Debug|Any CPU.ActiveCfg = Debug|Any CPU
		{F0D41EA8-EF1F-4DF2-B132-1D5A1767E580}.Debug|Any CPU.Build.0 = Debug|Any CPU
		{F0D41EA8-EF1F-4DF2-B132-1D5A1767E580}.Release|Any CPU.ActiveCfg = Release|Any CPU
		{F0D41EA8-EF1F-4DF2-B132-1D5A1767E580}.Release|Any CPU.Build.0 = Release|Any CPU
		{88FF1749-058A-4F53-9DD4-3E2B61DE9065}.Debug|Any CPU.ActiveCfg = Debug|Any CPU
		{88FF1749-058A-4F53-9DD4-3E2B61DE9065}.Debug|Any CPU.Build.0 = Debug|Any CPU
		{88FF1749-058A-4F53-9DD4-3E2B61DE9065}.Release|Any CPU.ActiveCfg = Release|Any CPU
		{88FF1749-058A-4F53-9DD4-3E2B61DE9065}.Release|Any CPU.Build.0 = Release|Any CPU
		{ACBFC1CD-8F9E-4DD9-918B-44F829134349}.Debug|Any CPU.ActiveCfg = Debug|Any CPU
		{ACBFC1CD-8F9E-4DD9-918B-44F829134349}.Debug|Any CPU.Build.0 = Debug|Any CPU
		{ACBFC1CD-8F9E-4DD9-918B-44F829134349}.Release|Any CPU.ActiveCfg = Release|Any CPU
		{ACBFC1CD-8F9E-4DD9-918B-44F829134349}.Release|Any CPU.Build.0 = Release|Any CPU
		{B4576F4A-2BD2-46BB-B118-DC7C27A37C2F}.Debug|Any CPU.ActiveCfg = Debug|Any CPU
		{B4576F4A-2BD2-46BB-B118-DC7C27A37C2F}.Debug|Any CPU.Build.0 = Debug|Any CPU
		{B4576F4A-2BD2-46BB-B118-DC7C27A37C2F}.Release|Any CPU.ActiveCfg = Release|Any CPU
		{B4576F4A-2BD2-46BB-B118-DC7C27A37C2F}.Release|Any CPU.Build.0 = Release|Any CPU
		{CBE21D71-A1DB-4505-8853-BFC355739C8F}.Debug|Any CPU.ActiveCfg = Debug|Any CPU
		{CBE21D71-A1DB-4505-8853-BFC355739C8F}.Debug|Any CPU.Build.0 = Debug|Any CPU
		{CBE21D71-A1DB-4505-8853-BFC355739C8F}.Release|Any CPU.ActiveCfg = Release|Any CPU
		{CBE21D71-A1DB-4505-8853-BFC355739C8F}.Release|Any CPU.Build.0 = Release|Any CPU
		{9B39A846-D577-423C-9189-1027DB43DED9}.Debug|Any CPU.ActiveCfg = Debug|Any CPU
		{9B39A846-D577-423C-9189-1027DB43DED9}.Debug|Any CPU.Build.0 = Debug|Any CPU
		{9B39A846-D577-423C-9189-1027DB43DED9}.Release|Any CPU.ActiveCfg = Release|Any CPU
		{9B39A846-D577-423C-9189-1027DB43DED9}.Release|Any CPU.Build.0 = Release|Any CPU
		{7B8572AF-740E-414B-AFEB-DD7AABC8D4C1}.Debug|Any CPU.ActiveCfg = Debug|Any CPU
		{7B8572AF-740E-414B-AFEB-DD7AABC8D4C1}.Debug|Any CPU.Build.0 = Debug|Any CPU
		{7B8572AF-740E-414B-AFEB-DD7AABC8D4C1}.Release|Any CPU.ActiveCfg = Release|Any CPU
		{7B8572AF-740E-414B-AFEB-DD7AABC8D4C1}.Release|Any CPU.Build.0 = Release|Any CPU
		{F1AEB3D3-0A7A-4E9D-A3E8-0FADE9632B97}.Debug|Any CPU.ActiveCfg = Debug|Any CPU
		{F1AEB3D3-0A7A-4E9D-A3E8-0FADE9632B97}.Debug|Any CPU.Build.0 = Debug|Any CPU
		{F1AEB3D3-0A7A-4E9D-A3E8-0FADE9632B97}.Release|Any CPU.ActiveCfg = Release|Any CPU
		{F1AEB3D3-0A7A-4E9D-A3E8-0FADE9632B97}.Release|Any CPU.Build.0 = Release|Any CPU
		{9DD7626F-B68F-4739-9F0E-3EBF309E7AB1}.Debug|Any CPU.ActiveCfg = Debug|Any CPU
		{9DD7626F-B68F-4739-9F0E-3EBF309E7AB1}.Debug|Any CPU.Build.0 = Debug|Any CPU
		{9DD7626F-B68F-4739-9F0E-3EBF309E7AB1}.Release|Any CPU.ActiveCfg = Release|Any CPU
		{9DD7626F-B68F-4739-9F0E-3EBF309E7AB1}.Release|Any CPU.Build.0 = Release|Any CPU
	EndGlobalSection
	GlobalSection(SolutionProperties) = preSolution
		HideSolutionNode = FALSE
	EndGlobalSection
	GlobalSection(ExtensibilityGlobals) = postSolution
		SolutionGuid = {72F9FD4E-A007-4226-BE99-D2280BD712C5}
	EndGlobalSection
EndGlobal
